
Microsoft Visual Studio Solution File, Format Version 12.00
# Visual Studio Version 17
VisualStudioVersion = 17.9.34902.65
MinimumVisualStudioVersion = 10.0.40219.1
Project("{FAE04EC0-301F-11D3-BF4B-00C04F79EFBC}") = "Api_Business", "Api_Business\Api_Business.csproj", "{42E7D8FC-7462-4ED1-B3DD-22AEE60A8D8D}"
EndProject
Global
	GlobalSection(SolutionConfigurationPlatforms) = preSolution
		Debug|Any CPU = Debug|Any CPU
		Release|Any CPU = Release|Any CPU
	EndGlobalSection
	GlobalSection(ProjectConfigurationPlatforms) = postSolution
		{42E7D8FC-7462-4ED1-B3DD-22AEE60A8D8D}.Debug|Any CPU.ActiveCfg = Debug|Any CPU
		{42E7D8FC-7462-4ED1-B3DD-22AEE60A8D8D}.Debug|Any CPU.Build.0 = Debug|Any CPU
		{42E7D8FC-7462-4ED1-B3DD-22AEE60A8D8D}.Release|Any CPU.ActiveCfg = Release|Any CPU
		{42E7D8FC-7462-4ED1-B3DD-22AEE60A8D8D}.Release|Any CPU.Build.0 = Release|Any CPU
	EndGlobalSection
	GlobalSection(SolutionProperties) = preSolution
		HideSolutionNode = FALSE
	EndGlobalSection
	GlobalSection(ExtensibilityGlobals) = postSolution
		SolutionGuid = {6D0045B7-56F7-4A42-B9BA-4ADF91C7AB0E}
	EndGlobalSection
EndGlobal
